
Microsoft Visual Studio Solution File, Format Version 12.00
# Visual Studio Version 16
VisualStudioVersion = 16.0.29609.76
MinimumVisualStudioVersion = 10.0.40219.1
Project("{FAE04EC0-301F-11D3-BF4B-00C04F79EFBC}") = "Enums", "Enums\Enums.csproj", "{8A19ADDB-F64C-499A-8805-FFA4A36C3560}"
EndProject
Project("{FAE04EC0-301F-11D3-BF4B-00C04F79EFBC}") = "EnumsComDescricao", "EnumsComDescricao\EnumsComDescricao.csproj", "{B86AB655-00E0-48FD-A32B-A147564F0C45}"
EndProject
Global
	GlobalSection(SolutionConfigurationPlatforms) = preSolution
		Debug|Any CPU = Debug|Any CPU
		Release|Any CPU = Release|Any CPU
	EndGlobalSection
	GlobalSection(ProjectConfigurationPlatforms) = postSolution
		{8A19ADDB-F64C-499A-8805-FFA4A36C3560}.Debug|Any CPU.ActiveCfg = Debug|Any CPU
		{8A19ADDB-F64C-499A-8805-FFA4A36C3560}.Debug|Any CPU.Build.0 = Debug|Any CPU
		{8A19ADDB-F64C-499A-8805-FFA4A36C3560}.Release|Any CPU.ActiveCfg = Release|Any CPU
		{8A19ADDB-F64C-499A-8805-FFA4A36C3560}.Release|Any CPU.Build.0 = Release|Any CPU
		{B86AB655-00E0-48FD-A32B-A147564F0C45}.Debug|Any CPU.ActiveCfg = Debug|Any CPU
		{B86AB655-00E0-48FD-A32B-A147564F0C45}.Debug|Any CPU.Build.0 = Debug|Any CPU
		{B86AB655-00E0-48FD-A32B-A147564F0C45}.Release|Any CPU.ActiveCfg = Release|Any CPU
		{B86AB655-00E0-48FD-A32B-A147564F0C45}.Release|Any CPU.Build.0 = Release|Any CPU
	EndGlobalSection
	GlobalSection(SolutionProperties) = preSolution
		HideSolutionNode = FALSE
	EndGlobalSection
	GlobalSection(ExtensibilityGlobals) = postSolution
		SolutionGuid = {601FE6CC-79BC-4EE4-8C29-1BBC98EEFFC6}
	EndGlobalSection
EndGlobal
